{
  "version": 4,
  "terraform_version": "1.8.3",
  "serial": 10,
  "lineage": "26508621-222c-b8ee-6f5d-7309d4926dd6",
  "outputs": {},
  "resources": [
    {
      "mode": "managed",
      "type": "google_compute_address",
      "name": "baf_address",
      "provider": "provider[\"registry.terraform.io/hashicorp/google\"]",
      "instances": [
        {
          "schema_version": 0,
          "attributes": {
            "address": "35.185.186.101",
            "address_type": "EXTERNAL",
            "creation_timestamp": "2024-05-25T10:41:40.382-07:00",
            "description": "",
            "effective_labels": {},
            "id": "projects/vertex-ai-um/regions/asia-southeast1/addresses/baf-address",
            "ip_version": "",
            "ipv6_endpoint_type": "",
            "label_fingerprint": "42WmSpB8rSM=",
            "labels": {},
            "name": "baf-address",
            "network": "",
            "network_tier": "PREMIUM",
            "prefix_length": 0,
            "project": "vertex-ai-um",
            "purpose": "",
            "region": "asia-southeast1",
            "self_link": "https://www.googleapis.com/compute/v1/projects/vertex-ai-um/regions/asia-southeast1/addresses/baf-address",
            "subnetwork": "",
            "terraform_labels": {},
            "timeouts": null,
            "users": [
              "https://www.googleapis.com/compute/v1/projects/vertex-ai-um/zones/asia-southeast1-a/instances/baf"
            ]
          },
          "sensitive_attributes": [],
          "private": "eyJlMmJmYjczMC1lY2FhLTExZTYtOGY4OC0zNDM2M2JjN2M0YzAiOnsiY3JlYXRlIjoxMjAwMDAwMDAwMDAwLCJkZWxldGUiOjEyMDAwMDAwMDAwMDAsInVwZGF0ZSI6MTIwMDAwMDAwMDAwMH19"
        }
      ]
    },
    {
      "mode": "managed",
      "type": "google_compute_instance",
      "name": "baf",
      "provider": "provider[\"registry.terraform.io/hashicorp/google\"]",
      "instances": [
        {
          "schema_version": 6,
          "attributes": {
            "advanced_machine_features": [],
            "allow_stopping_for_update": null,
            "attached_disk": [],
            "boot_disk": [
              {
                "auto_delete": true,
                "device_name": "persistent-disk-0",
                "disk_encryption_key_raw": "",
                "disk_encryption_key_sha256": "",
                "initialize_params": [
                  {
                    "enable_confidential_compute": false,
                    "image": "https://www.googleapis.com/compute/v1/projects/ubuntu-os-cloud/global/images/ubuntu-2204-jammy-v20240519",
                    "labels": {},
                    "provisioned_iops": 0,
                    "provisioned_throughput": 0,
                    "resource_manager_tags": {},
                    "size": 75,
                    "type": "pd-balanced"
                  }
                ],
                "kms_key_self_link": "",
                "mode": "READ_WRITE",
                "source": "https://www.googleapis.com/compute/v1/projects/vertex-ai-um/zones/asia-southeast1-a/disks/baf"
              }
            ],
            "can_ip_forward": false,
            "confidential_instance_config": [],
            "cpu_platform": "Intel Broadwell",
            "current_status": "RUNNING",
            "deletion_protection": false,
            "description": "",
            "desired_status": null,
            "effective_labels": {},
            "enable_display": false,
            "guest_accelerator": [],
            "hostname": "",
            "id": "projects/vertex-ai-um/zones/asia-southeast1-a/instances/baf",
            "instance_id": "7514189783040498703",
            "label_fingerprint": "42WmSpB8rSM=",
            "labels": {},
            "machine_type": "e2-small",
            "metadata": {
              "ssh-keys": "ubuntu:ssh-rsa AAAAB3NzaC1yc2EAAAADAQABAAABAQCZJEOfSKzi65ASUvOzrUfctGcDP/b08irZrQZGd4DOgt7nyMZdomHRCXqICQsLR72hKiQfvfuuqXbouSQXLemm8T+/2BuMnPxu+poWMlBUMQosajymX/M8X51dbbmfGgDFfKLAgxni9IRRHUbcI5XN3/BGFB3irRZVY8ZXiJ3HPJ4PlQE7mGhTFrBfuUAACVEPx7vI1ymN4821LPJBKU/oEJ+dkmiq3DAmOWP/ecuji84U1A9DJERTSPwD2E+N39uXH+eY/1YqgcslJEHa7kXcS3eDcik1ZNDynzmutwvXk+oEXh4kB/adi+JYT+V0qWuD5w+3Smmg5qTZbb5tcVRt yeohj@DESKTOP-96K01OE\r\n"
            },
            "metadata_fingerprint": "xuAZ32DG5rY=",
            "metadata_startup_script": null,
            "min_cpu_platform": "",
            "name": "baf",
            "network_interface": [
              {
                "access_config": [
                  {
                    "nat_ip": "35.185.186.101",
                    "network_tier": "PREMIUM",
                    "public_ptr_domain_name": ""
                  }
                ],
                "alias_ip_range": [],
                "internal_ipv6_prefix_length": 0,
                "ipv6_access_config": [],
                "ipv6_access_type": "",
                "ipv6_address": "",
                "name": "nic0",
                "network": "https://www.googleapis.com/compute/v1/projects/vertex-ai-um/global/networks/default",
                "network_ip": "10.148.0.2",
                "nic_type": "",
                "queue_count": 0,
                "stack_type": "IPV4_ONLY",
                "subnetwork": "https://www.googleapis.com/compute/v1/projects/vertex-ai-um/regions/asia-southeast1/subnetworks/default",
                "subnetwork_project": "vertex-ai-um"
              }
            ],
            "network_performance_config": [],
            "params": [],
            "project": "vertex-ai-um",
            "reservation_affinity": [],
            "resource_policies": [],
            "scheduling": [
              {
                "automatic_restart": true,
                "instance_termination_action": "",
                "local_ssd_recovery_timeout": [],
                "min_node_cpus": 0,
                "node_affinities": [],
                "on_host_maintenance": "MIGRATE",
                "preemptible": false,
                "provisioning_model": "STANDARD"
              }
            ],
            "scratch_disk": [],
            "self_link": "https://www.googleapis.com/compute/v1/projects/vertex-ai-um/zones/asia-southeast1-a/instances/baf",
            "service_account": [],
            "shielded_instance_config": [
              {
                "enable_integrity_monitoring": true,
                "enable_secure_boot": false,
                "enable_vtpm": true
              }
            ],
            "tags": [],
            "tags_fingerprint": "42WmSpB8rSM=",
            "terraform_labels": {},
            "timeouts": null,
            "zone": "asia-southeast1-a"
          },
          "sensitive_attributes": [
            [
              {
                "type": "get_attr",
                "value": "boot_disk"
              },
              {
                "type": "index",
                "value": {
                  "value": 0,
                  "type": "number"
                }
              },
              {
                "type": "get_attr",
                "value": "disk_encryption_key_raw"
              }
            ]
          ],
          "private": "eyJlMmJmYjczMC1lY2FhLTExZTYtOGY4OC0zNDM2M2JjN2M0YzAiOnsiY3JlYXRlIjoxMjAwMDAwMDAwMDAwLCJkZWxldGUiOjEyMDAwMDAwMDAwMDAsInVwZGF0ZSI6MTIwMDAwMDAwMDAwMH0sInNjaGVtYV92ZXJzaW9uIjoiNiJ9",
          "dependencies": [
            "google_compute_address.baf_address"
          ]
        }
      ]
    }
  ],
  "check_results": null
}
